{
    "_readme": [
        "This file locks the dependencies of your project to a known state",
        "Read more about it at https://getcomposer.org/doc/01-basic-usage.md#composer-lock-the-lock-file",
        "This file is @generated automatically"
    ],
    "hash": "9e26e5d26d6d7542611c8718cf0e9d12",
    "content-hash": "05a5f02d23a10c4380ea4f001513905b",
    "packages": [
        {
            "name": "crodas/languagedetector",
            "version": "v0.1.1",
            "source": {
                "type": "git",
                "url": "https://github.com/crodas/LanguageDetector.git",
                "reference": "07aa8bb806cb71fe4e4352c12232a5c74bf416ed"
            },
            "dist": {
                "type": "zip",
                "url": "https://api.github.com/repos/crodas/LanguageDetector/zipball/07aa8bb806cb71fe4e4352c12232a5c74bf416ed",
                "reference": "07aa8bb806cb71fe4e4352c12232a5c74bf416ed",
                "shasum": ""
            },
            "require-dev": {
                "crodas/autoloader": "~0.1"
            },
            "type": "library",
            "autoload": {
                "psr-0": {
                    "LanguageDetector": "lib/"
                }
            },
            "notification-url": "https://packagist.org/downloads/",
            "license": [
                "BSD-4-Clause"
            ],
            "authors": [
                {
                    "name": "César D. Rodas",
                    "email": "crodas@php.net"
                }
            ],
            "description": "simple library to classify texts",
            "time": "2013-11-06 01:26:03"
        },
        {
            "name": "crodas/text-rank",
            "version": "dev-master",
            "source": {
                "type": "git",
                "url": "https://github.com/crodas/TextRank.git",
                "reference": "8c113c5b0cae3eeb853891ef5afdf27d678a5940"
            },
            "dist": {
                "type": "zip",
                "url": "https://api.github.com/repos/crodas/TextRank/zipball/8c113c5b0cae3eeb853891ef5afdf27d678a5940",
                "reference": "8c113c5b0cae3eeb853891ef5afdf27d678a5940",
                "shasum": ""
            },
            "require": {
                "crodas/languagedetector": "~0.1",
                "ext-mbstring": "*"
            },
            "suggest": {
                "ext-stem": "Improves keywords selection"
            },
            "type": "library",
            "autoload": {
                "classmap": [
                    "lib/"
                ]
            },
            "notification-url": "https://packagist.org/downloads/",
            "authors": [
                {
                    "name": "César D. Rodas",
                    "email": "crodas@php.net"
                }
            ],
            "description": "Extract relevant keywords from a given text",
            "time": "2013-12-08 07:56:52"
        }
    ],
    "packages-dev": [],
    "aliases": [],
    "minimum-stability": "stable",
    "stability-flags": {
        "crodas/text-rank": 20
    },
    "prefer-stable": false,
    "prefer-lowest": false,
    "platform": [],
    "platform-dev": []
}
